
Microsoft Visual Studio Solution File, Format Version 12.00
# Visual Studio Version 16
VisualStudioVersion = 16.0.30717.126
MinimumVisualStudioVersion = 10.0.40219.1
Project("{888888A0-9F3D-457C-B088-3A5042F75D52}") = "Dictionaries1", "Dictionaries1\Dictionaries1.pyproj", "{2BDAF5EF-AE72-4AB0-B1B9-972AB9AAEAEA}"
EndProject
Global
	GlobalSection(SolutionConfigurationPlatforms) = preSolution
		Debug|Any CPU = Debug|Any CPU
		Release|Any CPU = Release|Any CPU
	EndGlobalSection
	GlobalSection(ProjectConfigurationPlatforms) = postSolution
		{2BDAF5EF-AE72-4AB0-B1B9-972AB9AAEAEA}.Debug|Any CPU.ActiveCfg = Debug|Any CPU
		{2BDAF5EF-AE72-4AB0-B1B9-972AB9AAEAEA}.Release|Any CPU.ActiveCfg = Release|Any CPU
	EndGlobalSection
	GlobalSection(SolutionProperties) = preSolution
		HideSolutionNode = FALSE
	EndGlobalSection
	GlobalSection(ExtensibilityGlobals) = postSolution
		SolutionGuid = {6F966577-6FAA-4D0B-AB8C-48A8772DF4D5}
	EndGlobalSection
EndGlobal
